// !$*UTF8*$!
{
	archiveVersion = 1;
	classes = {
	};
	objectVersion = 55;
	objects = {

/* Begin PBXBuildFile section */
		4B070C3527EB6A9400E89E4A /* FullScreenPostView.swift in Sources */ = {isa = PBXBuildFile; fileRef = 4B070C3427EB6A9400E89E4A /* FullScreenPostView.swift */; };
		4B070C3927EB74D400E89E4A /* CommentView.swift in Sources */ = {isa = PBXBuildFile; fileRef = 4B070C3827EB74D400E89E4A /* CommentView.swift */; };
		4B1533CF27CC3F930059C7C7 /* PostModel.swift in Sources */ = {isa = PBXBuildFile; fileRef = 4B1533CE27CC3F930059C7C7 /* PostModel.swift */; };
		4B1533D527CC7F030059C7C7 /* WelcomeView.swift in Sources */ = {isa = PBXBuildFile; fileRef = 4B1533D427CC7F030059C7C7 /* WelcomeView.swift */; };
		4B1533DA27CC7F640059C7C7 /* PrimaryButton.swift in Sources */ = {isa = PBXBuildFile; fileRef = 4B1533D927CC7F640059C7C7 /* PrimaryButton.swift */; };
		4B1533DE27CC7FBA0059C7C7 /* SignUpView.swift in Sources */ = {isa = PBXBuildFile; fileRef = 4B1533DD27CC7FBA0059C7C7 /* SignUpView.swift */; };
		4B1533E027CC80330059C7C7 /* LoginView.swift in Sources */ = {isa = PBXBuildFile; fileRef = 4B1533DF27CC80330059C7C7 /* LoginView.swift */; };
		4B1533E227CC83940059C7C7 /* Extensions.swift in Sources */ = {isa = PBXBuildFile; fileRef = 4B1533E127CC83940059C7C7 /* Extensions.swift */; };
		4B1533E727CDCB930059C7C7 /* NewUserHomeView.swift in Sources */ = {isa = PBXBuildFile; fileRef = 4B1533E627CDCB930059C7C7 /* NewUserHomeView.swift */; };
		4B1533E927CDCC8F0059C7C7 /* UserIntroModel.swift in Sources */ = {isa = PBXBuildFile; fileRef = 4B1533E827CDCC8F0059C7C7 /* UserIntroModel.swift */; };
		4B1533EB27CDCD600059C7C7 /* OffsetPageTabView.swift in Sources */ = {isa = PBXBuildFile; fileRef = 4B1533EA27CDCD600059C7C7 /* OffsetPageTabView.swift */; };
		4B1533ED27CDDD0E0059C7C7 /* UsernameSubmissionView.swift in Sources */ = {isa = PBXBuildFile; fileRef = 4B1533EC27CDDD0E0059C7C7 /* UsernameSubmissionView.swift */; };
		4B1533EF27CDDEC10059C7C7 /* FirstLastNameSubmission.swift in Sources */ = {isa = PBXBuildFile; fileRef = 4B1533EE27CDDEC10059C7C7 /* FirstLastNameSubmission.swift */; };
		4B1533F127CDDFFC0059C7C7 /* ProfilePictureSubmission.swift in Sources */ = {isa = PBXBuildFile; fileRef = 4B1533F027CDDFFC0059C7C7 /* ProfilePictureSubmission.swift */; };
		4B1D9E0927E1A0B600FF151F /* ImageService.swift in Sources */ = {isa = PBXBuildFile; fileRef = 4B1D9E0827E1A0B600FF151F /* ImageService.swift */; };
		4B1D9E0B27E4450200FF151F /* DataService.swift in Sources */ = {isa = PBXBuildFile; fileRef = 4B1D9E0A27E4450200FF151F /* DataService.swift */; };
		4B1DB73427CF2D400075ED5D /* HomeFeedView.swift in Sources */ = {isa = PBXBuildFile; fileRef = 4B1DB73327CF2D400075ED5D /* HomeFeedView.swift */; };
		4B1DB73627CF33FA0075ED5D /* PostView.swift in Sources */ = {isa = PBXBuildFile; fileRef = 4B1DB73527CF33FA0075ED5D /* PostView.swift */; };
		4B23415D27E967350079F1C1 /* ProfileView.swift in Sources */ = {isa = PBXBuildFile; fileRef = 4B23415C27E967350079F1C1 /* ProfileView.swift */; };
		4B27E5E127EB92090029D92A /* FullScreenPostModel.swift in Sources */ = {isa = PBXBuildFile; fileRef = 4B27E5E027EB92090029D92A /* FullScreenPostModel.swift */; };
		4B2B475D27D7E75900804B99 /* UploadView.swift in Sources */ = {isa = PBXBuildFile; fileRef = 4B2B475C27D7E75900804B99 /* UploadView.swift */; };
		4B3EB73927D09D20004C002C /* GoogleService-Info.plist in Resources */ = {isa = PBXBuildFile; fileRef = 4B3EB73827D09D20004C002C /* GoogleService-Info.plist */; };
		4B3EB73C27D09FDD004C002C /* FirebaseAnalytics in Frameworks */ = {isa = PBXBuildFile; productRef = 4B3EB73B27D09FDD004C002C /* FirebaseAnalytics */; };
		4B3EB73E27D09FDD004C002C /* FirebaseAuth in Frameworks */ = {isa = PBXBuildFile; productRef = 4B3EB73D27D09FDD004C002C /* FirebaseAuth */; };
		4B3EB74027D09FDD004C002C /* FirebaseFirestore in Frameworks */ = {isa = PBXBuildFile; productRef = 4B3EB73F27D09FDD004C002C /* FirebaseFirestore */; };
		4B3EB74227D09FDD004C002C /* FirebaseStorage in Frameworks */ = {isa = PBXBuildFile; productRef = 4B3EB74127D09FDD004C002C /* FirebaseStorage */; };
		4B40A56C27D9CA5500813CEF /* PhotoPicker.swift in Sources */ = {isa = PBXBuildFile; fileRef = 4B40A56B27D9CA5500813CEF /* PhotoPicker.swift */; };
		4B42724A27D1E0C600984206 /* AuthenticationService.swift in Sources */ = {isa = PBXBuildFile; fileRef = 4B42724927D1E0C600984206 /* AuthenticationService.swift */; };
		4B5A732B27DAA38C0033363E /* PermissionsSwiftUI in Frameworks */ = {isa = PBXBuildFile; productRef = 4B5A732A27DAA38C0033363E /* PermissionsSwiftUI */; };
		4B66F01927EE351A00F6C22B /* CommentModel.swift in Sources */ = {isa = PBXBuildFile; fileRef = 4B66F01827EE351A00F6C22B /* CommentModel.swift */; };
		4B66F01B27EE39E300F6C22B /* CommentViewModel.swift in Sources */ = {isa = PBXBuildFile; fileRef = 4B66F01A27EE39E300F6C22B /* CommentViewModel.swift */; };
		4B6AF00F27C6F9660070B7E8 /* ArroSocialApp.swift in Sources */ = {isa = PBXBuildFile; fileRef = 4B6AF00E27C6F9660070B7E8 /* ArroSocialApp.swift */; };
		4B6AF01127C6F9660070B7E8 /* ContentView.swift in Sources */ = {isa = PBXBuildFile; fileRef = 4B6AF01027C6F9660070B7E8 /* ContentView.swift */; };
		4B6AF01327C6F9670070B7E8 /* Assets.xcassets in Resources */ = {isa = PBXBuildFile; fileRef = 4B6AF01227C6F9670070B7E8 /* Assets.xcassets */; };
		4B6AF01627C6F9670070B7E8 /* Preview Assets.xcassets in Resources */ = {isa = PBXBuildFile; fileRef = 4B6AF01527C6F9670070B7E8 /* Preview Assets.xcassets */; };
		4B6AF01F27C7245A0070B7E8 /* Constants.swift in Sources */ = {isa = PBXBuildFile; fileRef = 4B6AF01E27C7245A0070B7E8 /* Constants.swift */; };
		4B6AF02327C724790070B7E8 /* Poppins-SemiBold.ttf in Resources */ = {isa = PBXBuildFile; fileRef = 4B6AF02027C724790070B7E8 /* Poppins-SemiBold.ttf */; };
		4B6AF02427C724790070B7E8 /* Poppins-Regular.ttf in Resources */ = {isa = PBXBuildFile; fileRef = 4B6AF02127C724790070B7E8 /* Poppins-Regular.ttf */; };
		4B6AF02527C724790070B7E8 /* Poppins-Medium.ttf in Resources */ = {isa = PBXBuildFile; fileRef = 4B6AF02227C724790070B7E8 /* Poppins-Medium.ttf */; };
		4B6AF02827C7255A0070B7E8 /* FontDynamic.swift in Sources */ = {isa = PBXBuildFile; fileRef = 4B6AF02727C7255A0070B7E8 /* FontDynamic.swift */; };
		4B6AF02A27C7283F0070B7E8 /* AppWrapperView.swift in Sources */ = {isa = PBXBuildFile; fileRef = 4B6AF02927C7283F0070B7E8 /* AppWrapperView.swift */; };
		4B8B4DA227EC01A7007C8FF3 /* Redaction.swift in Sources */ = {isa = PBXBuildFile; fileRef = 4B8B4DA127EC01A7007C8FF3 /* Redaction.swift */; };
		4B99E38427E7E0BB00AFC20F /* ProfilePictureViewModel.swift in Sources */ = {isa = PBXBuildFile; fileRef = 4B99E38327E7E0BB00AFC20F /* ProfilePictureViewModel.swift */; };
		4B99E38627E7EE4D00AFC20F /* PostsViewModel.swift in Sources */ = {isa = PBXBuildFile; fileRef = 4B99E38527E7EE4D00AFC20F /* PostsViewModel.swift */; };
		4BA2177927DF0A1500A8F72F /* SplashScreen.swift in Sources */ = {isa = PBXBuildFile; fileRef = 4BA2177827DF0A1500A8F72F /* SplashScreen.swift */; };
		4BA2177C27DF0DE700A8F72F /* Launch Screen.storyboard in Resources */ = {isa = PBXBuildFile; fileRef = 4BA2177B27DF0DE700A8F72F /* Launch Screen.storyboard */; };
		4BB26CA027E3BD7A003FBF72 /* CustomLoadingIndicator.swift in Sources */ = {isa = PBXBuildFile; fileRef = 4BB26C9F27E3BD7A003FBF72 /* CustomLoadingIndicator.swift */; };
		4BB26CA227E4F928003FBF72 /* ChangeEmailView.swift in Sources */ = {isa = PBXBuildFile; fileRef = 4BB26CA127E4F928003FBF72 /* ChangeEmailView.swift */; };
		4BB26CA427E504BB003FBF72 /* Floats.swift in Sources */ = {isa = PBXBuildFile; fileRef = 4BB26CA327E504BB003FBF72 /* Floats.swift */; };
		4BE5188327D56AF400548EEC /* CustomErrors.swift in Sources */ = {isa = PBXBuildFile; fileRef = 4BE5188227D56AF400548EEC /* CustomErrors.swift */; };
		4BED1BAD27D2DFEA00DB6830 /* SSToastMessage in Frameworks */ = {isa = PBXBuildFile; productRef = 4BED1BAC27D2DFEA00DB6830 /* SSToastMessage */; };
		4BED1BB227D314FA00DB6830 /* Animations.swift in Sources */ = {isa = PBXBuildFile; fileRef = 4BED1BB127D314FA00DB6830 /* Animations.swift */; };
		4BEE709E27D080F400F42F8C /* SettingsView.swift in Sources */ = {isa = PBXBuildFile; fileRef = 4BEE709D27D080F400F42F8C /* SettingsView.swift */; };
		4BFD91FC27C81AC3007A95F7 /* Lobster-Regular.ttf in Resources */ = {isa = PBXBuildFile; fileRef = 4BFD91FB27C81AC3007A95F7 /* Lobster-Regular.ttf */; };
/* End PBXBuildFile section */

/* Begin PBXFileReference section */
		4B070C3427EB6A9400E89E4A /* FullScreenPostView.swift */ = {isa = PBXFileReference; lastKnownFileType = sourcecode.swift; path = FullScreenPostView.swift; sourceTree = "<group>"; };
		4B070C3827EB74D400E89E4A /* CommentView.swift */ = {isa = PBXFileReference; lastKnownFileType = sourcecode.swift; path = CommentView.swift; sourceTree = "<group>"; };
		4B1533CE27CC3F930059C7C7 /* PostModel.swift */ = {isa = PBXFileReference; lastKnownFileType = sourcecode.swift; path = PostModel.swift; sourceTree = "<group>"; };
		4B1533D427CC7F030059C7C7 /* WelcomeView.swift */ = {isa = PBXFileReference; lastKnownFileType = sourcecode.swift; path = WelcomeView.swift; sourceTree = "<group>"; };
		4B1533D927CC7F640059C7C7 /* PrimaryButton.swift */ = {isa = PBXFileReference; lastKnownFileType = sourcecode.swift; path = PrimaryButton.swift; sourceTree = "<group>"; };
		4B1533DD27CC7FBA0059C7C7 /* SignUpView.swift */ = {isa = PBXFileReference; lastKnownFileType = sourcecode.swift; path = SignUpView.swift; sourceTree = "<group>"; };
		4B1533DF27CC80330059C7C7 /* LoginView.swift */ = {isa = PBXFileReference; lastKnownFileType = sourcecode.swift; path = LoginView.swift; sourceTree = "<group>"; };
		4B1533E127CC83940059C7C7 /* Extensions.swift */ = {isa = PBXFileReference; lastKnownFileType = sourcecode.swift; path = Extensions.swift; sourceTree = "<group>"; };
		4B1533E627CDCB930059C7C7 /* NewUserHomeView.swift */ = {isa = PBXFileReference; lastKnownFileType = sourcecode.swift; path = NewUserHomeView.swift; sourceTree = "<group>"; };
		4B1533E827CDCC8F0059C7C7 /* UserIntroModel.swift */ = {isa = PBXFileReference; lastKnownFileType = sourcecode.swift; path = UserIntroModel.swift; sourceTree = "<group>"; };
		4B1533EA27CDCD600059C7C7 /* OffsetPageTabView.swift */ = {isa = PBXFileReference; lastKnownFileType = sourcecode.swift; path = OffsetPageTabView.swift; sourceTree = "<group>"; };
		4B1533EC27CDDD0E0059C7C7 /* UsernameSubmissionView.swift */ = {isa = PBXFileReference; lastKnownFileType = sourcecode.swift; path = UsernameSubmissionView.swift; sourceTree = "<group>"; };
		4B1533EE27CDDEC10059C7C7 /* FirstLastNameSubmission.swift */ = {isa = PBXFileReference; lastKnownFileType = sourcecode.swift; path = FirstLastNameSubmission.swift; sourceTree = "<group>"; };
		4B1533F027CDDFFC0059C7C7 /* ProfilePictureSubmission.swift */ = {isa = PBXFileReference; lastKnownFileType = sourcecode.swift; path = ProfilePictureSubmission.swift; sourceTree = "<group>"; };
		4B1D9E0827E1A0B600FF151F /* ImageService.swift */ = {isa = PBXFileReference; lastKnownFileType = sourcecode.swift; path = ImageService.swift; sourceTree = "<group>"; };
		4B1D9E0A27E4450200FF151F /* DataService.swift */ = {isa = PBXFileReference; lastKnownFileType = sourcecode.swift; path = DataService.swift; sourceTree = "<group>"; };
		4B1DB73327CF2D400075ED5D /* HomeFeedView.swift */ = {isa = PBXFileReference; lastKnownFileType = sourcecode.swift; path = HomeFeedView.swift; sourceTree = "<group>"; };
		4B1DB73527CF33FA0075ED5D /* PostView.swift */ = {isa = PBXFileReference; lastKnownFileType = sourcecode.swift; path = PostView.swift; sourceTree = "<group>"; };
		4B23415C27E967350079F1C1 /* ProfileView.swift */ = {isa = PBXFileReference; lastKnownFileType = sourcecode.swift; path = ProfileView.swift; sourceTree = "<group>"; };
		4B27E5E027EB92090029D92A /* FullScreenPostModel.swift */ = {isa = PBXFileReference; lastKnownFileType = sourcecode.swift; path = FullScreenPostModel.swift; sourceTree = "<group>"; };
		4B2B475C27D7E75900804B99 /* UploadView.swift */ = {isa = PBXFileReference; lastKnownFileType = sourcecode.swift; path = UploadView.swift; sourceTree = "<group>"; };
		4B3EB73827D09D20004C002C /* GoogleService-Info.plist */ = {isa = PBXFileReference; fileEncoding = 4; lastKnownFileType = text.plist.xml; path = "GoogleService-Info.plist"; sourceTree = "<group>"; };
		4B40A56B27D9CA5500813CEF /* PhotoPicker.swift */ = {isa = PBXFileReference; lastKnownFileType = sourcecode.swift; path = PhotoPicker.swift; sourceTree = "<group>"; };
		4B42724927D1E0C600984206 /* AuthenticationService.swift */ = {isa = PBXFileReference; lastKnownFileType = sourcecode.swift; path = AuthenticationService.swift; sourceTree = "<group>"; };
		4B66F01827EE351A00F6C22B /* CommentModel.swift */ = {isa = PBXFileReference; lastKnownFileType = sourcecode.swift; path = CommentModel.swift; sourceTree = "<group>"; };
		4B66F01A27EE39E300F6C22B /* CommentViewModel.swift */ = {isa = PBXFileReference; lastKnownFileType = sourcecode.swift; path = CommentViewModel.swift; sourceTree = "<group>"; };
		4B6AF00B27C6F9660070B7E8 /* ArroSocial.app */ = {isa = PBXFileReference; explicitFileType = wrapper.application; includeInIndex = 0; path = ArroSocial.app; sourceTree = BUILT_PRODUCTS_DIR; };
		4B6AF00E27C6F9660070B7E8 /* ArroSocialApp.swift */ = {isa = PBXFileReference; lastKnownFileType = sourcecode.swift; path = ArroSocialApp.swift; sourceTree = "<group>"; };
		4B6AF01027C6F9660070B7E8 /* ContentView.swift */ = {isa = PBXFileReference; lastKnownFileType = sourcecode.swift; path = ContentView.swift; sourceTree = "<group>"; };
		4B6AF01227C6F9670070B7E8 /* Assets.xcassets */ = {isa = PBXFileReference; lastKnownFileType = folder.assetcatalog; path = Assets.xcassets; sourceTree = "<group>"; };
		4B6AF01527C6F9670070B7E8 /* Preview Assets.xcassets */ = {isa = PBXFileReference; lastKnownFileType = folder.assetcatalog; path = "Preview Assets.xcassets"; sourceTree = "<group>"; };
		4B6AF01E27C7245A0070B7E8 /* Constants.swift */ = {isa = PBXFileReference; lastKnownFileType = sourcecode.swift; path = Constants.swift; sourceTree = "<group>"; };
		4B6AF02027C724790070B7E8 /* Poppins-SemiBold.ttf */ = {isa = PBXFileReference; lastKnownFileType = file; path = "Poppins-SemiBold.ttf"; sourceTree = "<group>"; };
		4B6AF02127C724790070B7E8 /* Poppins-Regular.ttf */ = {isa = PBXFileReference; lastKnownFileType = file; path = "Poppins-Regular.ttf"; sourceTree = "<group>"; };
		4B6AF02227C724790070B7E8 /* Poppins-Medium.ttf */ = {isa = PBXFileReference; lastKnownFileType = file; path = "Poppins-Medium.ttf"; sourceTree = "<group>"; };
		4B6AF02627C724890070B7E8 /* Info.plist */ = {isa = PBXFileReference; lastKnownFileType = text.plist; path = Info.plist; sourceTree = "<group>"; };
		4B6AF02727C7255A0070B7E8 /* FontDynamic.swift */ = {isa = PBXFileReference; lastKnownFileType = sourcecode.swift; path = FontDynamic.swift; sourceTree = "<group>"; };
		4B6AF02927C7283F0070B7E8 /* AppWrapperView.swift */ = {isa = PBXFileReference; lastKnownFileType = sourcecode.swift; path = AppWrapperView.swift; sourceTree = "<group>"; };
		4B8B4DA127EC01A7007C8FF3 /* Redaction.swift */ = {isa = PBXFileReference; lastKnownFileType = sourcecode.swift; path = Redaction.swift; sourceTree = "<group>"; };
		4B99E38327E7E0BB00AFC20F /* ProfilePictureViewModel.swift */ = {isa = PBXFileReference; lastKnownFileType = sourcecode.swift; path = ProfilePictureViewModel.swift; sourceTree = "<group>"; };
		4B99E38527E7EE4D00AFC20F /* PostsViewModel.swift */ = {isa = PBXFileReference; lastKnownFileType = sourcecode.swift; path = PostsViewModel.swift; sourceTree = "<group>"; };
		4BA2177827DF0A1500A8F72F /* SplashScreen.swift */ = {isa = PBXFileReference; lastKnownFileType = sourcecode.swift; path = SplashScreen.swift; sourceTree = "<group>"; };
		4BA2177B27DF0DE700A8F72F /* Launch Screen.storyboard */ = {isa = PBXFileReference; lastKnownFileType = file.storyboard; path = "Launch Screen.storyboard"; sourceTree = "<group>"; };
		4BB26C9F27E3BD7A003FBF72 /* CustomLoadingIndicator.swift */ = {isa = PBXFileReference; lastKnownFileType = sourcecode.swift; path = CustomLoadingIndicator.swift; sourceTree = "<group>"; };
		4BB26CA127E4F928003FBF72 /* ChangeEmailView.swift */ = {isa = PBXFileReference; lastKnownFileType = sourcecode.swift; path = ChangeEmailView.swift; sourceTree = "<group>"; };
		4BB26CA327E504BB003FBF72 /* Floats.swift */ = {isa = PBXFileReference; lastKnownFileType = sourcecode.swift; path = Floats.swift; sourceTree = "<group>"; };
		4BE5188227D56AF400548EEC /* CustomErrors.swift */ = {isa = PBXFileReference; lastKnownFileType = sourcecode.swift; path = CustomErrors.swift; sourceTree = "<group>"; };
		4BED1BB127D314FA00DB6830 /* Animations.swift */ = {isa = PBXFileReference; lastKnownFileType = sourcecode.swift; path = Animations.swift; sourceTree = "<group>"; };
		4BEE709D27D080F400F42F8C /* SettingsView.swift */ = {isa = PBXFileReference; lastKnownFileType = sourcecode.swift; path = SettingsView.swift; sourceTree = "<group>"; };
		4BFD91FB27C81AC3007A95F7 /* Lobster-Regular.ttf */ = {isa = PBXFileReference; lastKnownFileType = file; path = "Lobster-Regular.ttf"; sourceTree = "<group>"; };
/* End PBXFileReference section */

/* Begin PBXFrameworksBuildPhase section */
		4B6AF00827C6F9660070B7E8 /* Frameworks */ = {
			isa = PBXFrameworksBuildPhase;
			buildActionMask = 2147483647;
			files = (
				4B3EB73C27D09FDD004C002C /* FirebaseAnalytics in Frameworks */,
				4B5A732B27DAA38C0033363E /* PermissionsSwiftUI in Frameworks */,
				4B3EB74227D09FDD004C002C /* FirebaseStorage in Frameworks */,
				4BED1BAD27D2DFEA00DB6830 /* SSToastMessage in Frameworks */,
				4B3EB73E27D09FDD004C002C /* FirebaseAuth in Frameworks */,
				4B3EB74027D09FDD004C002C /* FirebaseFirestore in Frameworks */,
			);
			runOnlyForDeploymentPostprocessing = 0;
		};
/* End PBXFrameworksBuildPhase section */

/* Begin PBXGroup section */
		4B1533CD27CC3EDB0059C7C7 /* Models */ = {
			isa = PBXGroup;
			children = (
				4B1533CE27CC3F930059C7C7 /* PostModel.swift */,
				4B1533E827CDCC8F0059C7C7 /* UserIntroModel.swift */,
				4B27E5E027EB92090029D92A /* FullScreenPostModel.swift */,
				4B66F01827EE351A00F6C22B /* CommentModel.swift */,
			);
			path = Models;
			sourceTree = "<group>";
		};
		4B1533D827CC7F580059C7C7 /* Components */ = {
			isa = PBXGroup;
			children = (
				4B1533D927CC7F640059C7C7 /* PrimaryButton.swift */,
				4BB26C9F27E3BD7A003FBF72 /* CustomLoadingIndicator.swift */,
			);
			path = Components;
			sourceTree = "<group>";
		};
		4B1533DC27CC7FA00059C7C7 /* LoginFlow */ = {
			isa = PBXGroup;
			children = (
				4B1533D427CC7F030059C7C7 /* WelcomeView.swift */,
				4B1533DD27CC7FBA0059C7C7 /* SignUpView.swift */,
				4B1533DF27CC80330059C7C7 /* LoginView.swift */,
			);
			path = LoginFlow;
			sourceTree = "<group>";
		};
		4B1533E527CDCA590059C7C7 /* NewUserFlow */ = {
			isa = PBXGroup;
			children = (
				4B1533E627CDCB930059C7C7 /* NewUserHomeView.swift */,
				4B1533EA27CDCD600059C7C7 /* OffsetPageTabView.swift */,
				4B1533EC27CDDD0E0059C7C7 /* UsernameSubmissionView.swift */,
				4B1533EE27CDDEC10059C7C7 /* FirstLastNameSubmission.swift */,
				4B1533F027CDDFFC0059C7C7 /* ProfilePictureSubmission.swift */,
			);
			path = NewUserFlow;
			sourceTree = "<group>";
		};
		4B1D9E0727E1A07400FF151F /* Utils */ = {
			isa = PBXGroup;
			children = (
				4B1D9E0827E1A0B600FF151F /* ImageService.swift */,
				4B1D9E0A27E4450200FF151F /* DataService.swift */,
			);
			path = Utils;
			sourceTree = "<group>";
		};
		4B23415B27E967260079F1C1 /* Profile */ = {
			isa = PBXGroup;
			children = (
				4B23415C27E967350079F1C1 /* ProfileView.swift */,
			);
			path = Profile;
			sourceTree = "<group>";
		};
		4B2B475B27D7E73200804B99 /* Upload Post */ = {
			isa = PBXGroup;
			children = (
				4B2B475C27D7E75900804B99 /* UploadView.swift */,
				4B40A56B27D9CA5500813CEF /* PhotoPicker.swift */,
			);
			path = "Upload Post";
			sourceTree = "<group>";
		};
		4B42724727D1E03A00984206 /* Backend */ = {
			isa = PBXGroup;
			children = (
				4B1D9E0727E1A07400FF151F /* Utils */,
				4B42724827D1E04100984206 /* Authentication */,
			);
			path = Backend;
			sourceTree = "<group>";
		};
		4B42724827D1E04100984206 /* Authentication */ = {
			isa = PBXGroup;
			children = (
				4B42724927D1E0C600984206 /* AuthenticationService.swift */,
			);
			path = Authentication;
			sourceTree = "<group>";
		};
		4B6AF00227C6F9660070B7E8 = {
			isa = PBXGroup;
			children = (
				4B6AF00D27C6F9660070B7E8 /* ArroSocial */,
				4B6AF00C27C6F9660070B7E8 /* Products */,
			);
			sourceTree = "<group>";
		};
		4B6AF00C27C6F9660070B7E8 /* Products */ = {
			isa = PBXGroup;
			children = (
				4B6AF00B27C6F9660070B7E8 /* ArroSocial.app */,
			);
			name = Products;
			sourceTree = "<group>";
		};
		4B6AF00D27C6F9660070B7E8 /* ArroSocial */ = {
			isa = PBXGroup;
			children = (
				4B6AF02627C724890070B7E8 /* Info.plist */,
				4B6AF02227C724790070B7E8 /* Poppins-Medium.ttf */,
				4B6AF02127C724790070B7E8 /* Poppins-Regular.ttf */,
				4BFD91FB27C81AC3007A95F7 /* Lobster-Regular.ttf */,
				4B6AF02027C724790070B7E8 /* Poppins-SemiBold.ttf */,
				4B42724727D1E03A00984206 /* Backend */,
				4B6AF01D27C7244F0070B7E8 /* Helpers */,
				4B99E38127E7DF2F00AFC20F /* ViewModels */,
				4B1533CD27CC3EDB0059C7C7 /* Models */,
				4B6AF01C27C724430070B7E8 /* Views */,
				4B6AF00E27C6F9660070B7E8 /* ArroSocialApp.swift */,
				4B3EB73827D09D20004C002C /* GoogleService-Info.plist */,
				4B6AF01227C6F9670070B7E8 /* Assets.xcassets */,
				4B6AF01427C6F9670070B7E8 /* Preview Content */,
			);
			path = ArroSocial;
			sourceTree = "<group>";
		};
		4B6AF01427C6F9670070B7E8 /* Preview Content */ = {
			isa = PBXGroup;
			children = (
				4B6AF01527C6F9670070B7E8 /* Preview Assets.xcassets */,
			);
			path = "Preview Content";
			sourceTree = "<group>";
		};
		4B6AF01C27C724430070B7E8 /* Views */ = {
			isa = PBXGroup;
			children = (
				4B23415B27E967260079F1C1 /* Profile */,
				4B2B475B27D7E73200804B99 /* Upload Post */,
				4BEE709C27D0802E00F42F8C /* Settings */,
				4B1533E527CDCA590059C7C7 /* NewUserFlow */,
				4B1533DC27CC7FA00059C7C7 /* LoginFlow */,
				4B1533D827CC7F580059C7C7 /* Components */,
				4BFD91F827C80F17007A95F7 /* Home */,
				4B6AF01027C6F9660070B7E8 /* ContentView.swift */,
				4B6AF02927C7283F0070B7E8 /* AppWrapperView.swift */,
				4BA2177827DF0A1500A8F72F /* SplashScreen.swift */,
				4BA2177B27DF0DE700A8F72F /* Launch Screen.storyboard */,
				4B8B4DA127EC01A7007C8FF3 /* Redaction.swift */,
			);
			path = Views;
			sourceTree = "<group>";
		};
		4B6AF01D27C7244F0070B7E8 /* Helpers */ = {
			isa = PBXGroup;
			children = (
				4B6AF01E27C7245A0070B7E8 /* Constants.swift */,
				4B6AF02727C7255A0070B7E8 /* FontDynamic.swift */,
				4B1533E127CC83940059C7C7 /* Extensions.swift */,
				4BED1BB127D314FA00DB6830 /* Animations.swift */,
				4BE5188227D56AF400548EEC /* CustomErrors.swift */,
				4BB26CA327E504BB003FBF72 /* Floats.swift */,
			);
			path = Helpers;
			sourceTree = "<group>";
		};
		4B99E38127E7DF2F00AFC20F /* ViewModels */ = {
			isa = PBXGroup;
			children = (
				4B99E38327E7E0BB00AFC20F /* ProfilePictureViewModel.swift */,
				4B99E38527E7EE4D00AFC20F /* PostsViewModel.swift */,
				4B66F01A27EE39E300F6C22B /* CommentViewModel.swift */,
			);
			path = ViewModels;
			sourceTree = "<group>";
		};
		4BEE709C27D0802E00F42F8C /* Settings */ = {
			isa = PBXGroup;
			children = (
				4BEE709D27D080F400F42F8C /* SettingsView.swift */,
				4BB26CA127E4F928003FBF72 /* ChangeEmailView.swift */,
			);
			path = Settings;
			sourceTree = "<group>";
		};
		4BFD91F827C80F17007A95F7 /* Home */ = {
			isa = PBXGroup;
			children = (
				4B1DB73327CF2D400075ED5D /* HomeFeedView.swift */,
				4B1DB73527CF33FA0075ED5D /* PostView.swift */,
				4B070C3427EB6A9400E89E4A /* FullScreenPostView.swift */,
				4B070C3827EB74D400E89E4A /* CommentView.swift */,
			);
			path = Home;
			sourceTree = "<group>";
		};
/* End PBXGroup section */

/* Begin PBXNativeTarget section */
		4B6AF00A27C6F9660070B7E8 /* ArroSocial */ = {
			isa = PBXNativeTarget;
			buildConfigurationList = 4B6AF01927C6F9670070B7E8 /* Build configuration list for PBXNativeTarget "ArroSocial" */;
			buildPhases = (
				4B6AF00727C6F9660070B7E8 /* Sources */,
				4B6AF00827C6F9660070B7E8 /* Frameworks */,
				4B6AF00927C6F9660070B7E8 /* Resources */,
			);
			buildRules = (
			);
			dependencies = (
			);
			name = ArroSocial;
			packageProductDependencies = (
				4B3EB73B27D09FDD004C002C /* FirebaseAnalytics */,
				4B3EB73D27D09FDD004C002C /* FirebaseAuth */,
				4B3EB73F27D09FDD004C002C /* FirebaseFirestore */,
				4B3EB74127D09FDD004C002C /* FirebaseStorage */,
				4BED1BAC27D2DFEA00DB6830 /* SSToastMessage */,
				4B5A732A27DAA38C0033363E /* PermissionsSwiftUI */,
			);
			productName = ArroSocial;
			productReference = 4B6AF00B27C6F9660070B7E8 /* ArroSocial.app */;
			productType = "com.apple.product-type.application";
		};
/* End PBXNativeTarget section */

/* Begin PBXProject section */
		4B6AF00327C6F9660070B7E8 /* Project object */ = {
			isa = PBXProject;
			attributes = {
				BuildIndependentTargetsInParallel = 1;
				LastSwiftUpdateCheck = 1320;
				LastUpgradeCheck = 1320;
				TargetAttributes = {
					4B6AF00A27C6F9660070B7E8 = {
						CreatedOnToolsVersion = 13.2.1;
					};
				};
			};
			buildConfigurationList = 4B6AF00627C6F9660070B7E8 /* Build configuration list for PBXProject "ArroSocial" */;
			compatibilityVersion = "Xcode 13.0";
			developmentRegion = en;
			hasScannedForEncodings = 0;
			knownRegions = (
				en,
				Base,
			);
			mainGroup = 4B6AF00227C6F9660070B7E8;
			packageReferences = (
				4B3EB73A27D09FDD004C002C /* XCRemoteSwiftPackageReference "firebase-ios-sdk" */,
				4BED1BAB27D2DFEA00DB6830 /* XCRemoteSwiftPackageReference "SSToastMessage" */,
				4B5A732927DAA38C0033363E /* XCRemoteSwiftPackageReference "PermissionsSwiftUI" */,
			);
			productRefGroup = 4B6AF00C27C6F9660070B7E8 /* Products */;
			projectDirPath = "";
			projectRoot = "";
			targets = (
				4B6AF00A27C6F9660070B7E8 /* ArroSocial */,
			);
		};
/* End PBXProject section */

/* Begin PBXResourcesBuildPhase section */
		4B6AF00927C6F9660070B7E8 /* Resources */ = {
			isa = PBXResourcesBuildPhase;
			buildActionMask = 2147483647;
			files = (
				4B6AF02327C724790070B7E8 /* Poppins-SemiBold.ttf in Resources */,
				4BFD91FC27C81AC3007A95F7 /* Lobster-Regular.ttf in Resources */,
				4BA2177C27DF0DE700A8F72F /* Launch Screen.storyboard in Resources */,
				4B6AF01627C6F9670070B7E8 /* Preview Assets.xcassets in Resources */,
				4B6AF01327C6F9670070B7E8 /* Assets.xcassets in Resources */,
				4B6AF02427C724790070B7E8 /* Poppins-Regular.ttf in Resources */,
				4B6AF02527C724790070B7E8 /* Poppins-Medium.ttf in Resources */,
				4B3EB73927D09D20004C002C /* GoogleService-Info.plist in Resources */,
			);
			runOnlyForDeploymentPostprocessing = 0;
		};
/* End PBXResourcesBuildPhase section */

/* Begin PBXSourcesBuildPhase section */
		4B6AF00727C6F9660070B7E8 /* Sources */ = {
			isa = PBXSourcesBuildPhase;
			buildActionMask = 2147483647;
			files = (
				4BE5188327D56AF400548EEC /* CustomErrors.swift in Sources */,
				4B1DB73427CF2D400075ED5D /* HomeFeedView.swift in Sources */,
				4B1533CF27CC3F930059C7C7 /* PostModel.swift in Sources */,
				4B1533DA27CC7F640059C7C7 /* PrimaryButton.swift in Sources */,
				4B99E38427E7E0BB00AFC20F /* ProfilePictureViewModel.swift in Sources */,
				4B99E38627E7EE4D00AFC20F /* PostsViewModel.swift in Sources */,
				4B6AF02827C7255A0070B7E8 /* FontDynamic.swift in Sources */,
				4B1533E727CDCB930059C7C7 /* NewUserHomeView.swift in Sources */,
				4B66F01B27EE39E300F6C22B /* CommentViewModel.swift in Sources */,
				4BB26CA227E4F928003FBF72 /* ChangeEmailView.swift in Sources */,
				4B1D9E0B27E4450200FF151F /* DataService.swift in Sources */,
				4B1D9E0927E1A0B600FF151F /* ImageService.swift in Sources */,
				4B6AF01127C6F9660070B7E8 /* ContentView.swift in Sources */,
				4B1DB73627CF33FA0075ED5D /* PostView.swift in Sources */,
				4B1533DE27CC7FBA0059C7C7 /* SignUpView.swift in Sources */,
				4B1533E027CC80330059C7C7 /* LoginView.swift in Sources */,
				4B1533ED27CDDD0E0059C7C7 /* UsernameSubmissionView.swift in Sources */,
				4B1533EB27CDCD600059C7C7 /* OffsetPageTabView.swift in Sources */,
				4B1533D527CC7F030059C7C7 /* WelcomeView.swift in Sources */,
				4B070C3927EB74D400E89E4A /* CommentView.swift in Sources */,
				4B1533E227CC83940059C7C7 /* Extensions.swift in Sources */,
				4BED1BB227D314FA00DB6830 /* Animations.swift in Sources */,
				4BA2177927DF0A1500A8F72F /* SplashScreen.swift in Sources */,
				4B6AF00F27C6F9660070B7E8 /* ArroSocialApp.swift in Sources */,
				4B1533E927CDCC8F0059C7C7 /* UserIntroModel.swift in Sources */,
				4B27E5E127EB92090029D92A /* FullScreenPostModel.swift in Sources */,
				4B1533F127CDDFFC0059C7C7 /* ProfilePictureSubmission.swift in Sources */,
				4B070C3527EB6A9400E89E4A /* FullScreenPostView.swift in Sources */,
				4B40A56C27D9CA5500813CEF /* PhotoPicker.swift in Sources */,
				4B1533EF27CDDEC10059C7C7 /* FirstLastNameSubmission.swift in Sources */,
				4B23415D27E967350079F1C1 /* ProfileView.swift in Sources */,
				4B6AF02A27C7283F0070B7E8 /* AppWrapperView.swift in Sources */,
				4B66F01927EE351A00F6C22B /* CommentModel.swift in Sources */,
				4BB26CA427E504BB003FBF72 /* Floats.swift in Sources */,
				4B6AF01F27C7245A0070B7E8 /* Constants.swift in Sources */,
				4B8B4DA227EC01A7007C8FF3 /* Redaction.swift in Sources */,
				4B2B475D27D7E75900804B99 /* UploadView.swift in Sources */,
				4BB26CA027E3BD7A003FBF72 /* CustomLoadingIndicator.swift in Sources */,
				4BEE709E27D080F400F42F8C /* SettingsView.swift in Sources */,
				4B42724A27D1E0C600984206 /* AuthenticationService.swift in Sources */,
			);
			runOnlyForDeploymentPostprocessing = 0;
		};
/* End PBXSourcesBuildPhase section */

/* Begin XCBuildConfiguration section */
		4B6AF01727C6F9670070B7E8 /* Debug */ = {
			isa = XCBuildConfiguration;
			buildSettings = {
				ALWAYS_SEARCH_USER_PATHS = NO;
				CLANG_ANALYZER_NONNULL = YES;
				CLANG_ANALYZER_NUMBER_OBJECT_CONVERSION = YES_AGGRESSIVE;
				CLANG_CXX_LANGUAGE_STANDARD = "gnu++17";
				CLANG_CXX_LIBRARY = "libc++";
				CLANG_ENABLE_MODULES = YES;
				CLANG_ENABLE_OBJC_ARC = YES;
				CLANG_ENABLE_OBJC_WEAK = YES;
				CLANG_WARN_BLOCK_CAPTURE_AUTORELEASING = YES;
				CLANG_WARN_BOOL_CONVERSION = YES;
				CLANG_WARN_COMMA = YES;
				CLANG_WARN_CONSTANT_CONVERSION = YES;
				CLANG_WARN_DEPRECATED_OBJC_IMPLEMENTATIONS = YES;
				CLANG_WARN_DIRECT_OBJC_ISA_USAGE = YES_ERROR;
				CLANG_WARN_DOCUMENTATION_COMMENTS = YES;
				CLANG_WARN_EMPTY_BODY = YES;
				CLANG_WARN_ENUM_CONVERSION = YES;
				CLANG_WARN_INFINITE_RECURSION = YES;
				CLANG_WARN_INT_CONVERSION = YES;
				CLANG_WARN_NON_LITERAL_NULL_CONVERSION = YES;
				CLANG_WARN_OBJC_IMPLICIT_RETAIN_SELF = YES;
				CLANG_WARN_OBJC_LITERAL_CONVERSION = YES;
				CLANG_WARN_OBJC_ROOT_CLASS = YES_ERROR;
				CLANG_WARN_QUOTED_INCLUDE_IN_FRAMEWORK_HEADER = YES;
				CLANG_WARN_RANGE_LOOP_ANALYSIS = YES;
				CLANG_WARN_STRICT_PROTOTYPES = YES;
				CLANG_WARN_SUSPICIOUS_MOVE = YES;
				CLANG_WARN_UNGUARDED_AVAILABILITY = YES_AGGRESSIVE;
				CLANG_WARN_UNREACHABLE_CODE = YES;
				CLANG_WARN__DUPLICATE_METHOD_MATCH = YES;
				COPY_PHASE_STRIP = NO;
				DEBUG_INFORMATION_FORMAT = dwarf;
				ENABLE_STRICT_OBJC_MSGSEND = YES;
				ENABLE_TESTABILITY = YES;
				GCC_C_LANGUAGE_STANDARD = gnu11;
				GCC_DYNAMIC_NO_PIC = NO;
				GCC_NO_COMMON_BLOCKS = YES;
				GCC_OPTIMIZATION_LEVEL = 0;
				GCC_PREPROCESSOR_DEFINITIONS = (
					"DEBUG=1",
					"$(inherited)",
				);
				GCC_WARN_64_TO_32_BIT_CONVERSION = YES;
				GCC_WARN_ABOUT_RETURN_TYPE = YES_ERROR;
				GCC_WARN_UNDECLARED_SELECTOR = YES;
				GCC_WARN_UNINITIALIZED_AUTOS = YES_AGGRESSIVE;
				GCC_WARN_UNUSED_FUNCTION = YES;
				GCC_WARN_UNUSED_VARIABLE = YES;
				IPHONEOS_DEPLOYMENT_TARGET = 15.2;
				MTL_ENABLE_DEBUG_INFO = INCLUDE_SOURCE;
				MTL_FAST_MATH = YES;
				ONLY_ACTIVE_ARCH = YES;
				SDKROOT = iphoneos;
				SWIFT_ACTIVE_COMPILATION_CONDITIONS = DEBUG;
				SWIFT_OPTIMIZATION_LEVEL = "-Onone";
			};
			name = Debug;
		};
		4B6AF01827C6F9670070B7E8 /* Release */ = {
			isa = XCBuildConfiguration;
			buildSettings = {
				ALWAYS_SEARCH_USER_PATHS = NO;
				CLANG_ANALYZER_NONNULL = YES;
				CLANG_ANALYZER_NUMBER_OBJECT_CONVERSION = YES_AGGRESSIVE;
				CLANG_CXX_LANGUAGE_STANDARD = "gnu++17";
				CLANG_CXX_LIBRARY = "libc++";
				CLANG_ENABLE_MODULES = YES;
				CLANG_ENABLE_OBJC_ARC = YES;
				CLANG_ENABLE_OBJC_WEAK = YES;
				CLANG_WARN_BLOCK_CAPTURE_AUTORELEASING = YES;
				CLANG_WARN_BOOL_CONVERSION = YES;
				CLANG_WARN_COMMA = YES;
				CLANG_WARN_CONSTANT_CONVERSION = YES;
				CLANG_WARN_DEPRECATED_OBJC_IMPLEMENTATIONS = YES;
				CLANG_WARN_DIRECT_OBJC_ISA_USAGE = YES_ERROR;
				CLANG_WARN_DOCUMENTATION_COMMENTS = YES;
				CLANG_WARN_EMPTY_BODY = YES;
				CLANG_WARN_ENUM_CONVERSION = YES;
				CLANG_WARN_INFINITE_RECURSION = YES;
				CLANG_WARN_INT_CONVERSION = YES;
				CLANG_WARN_NON_LITERAL_NULL_CONVERSION = YES;
				CLANG_WARN_OBJC_IMPLICIT_RETAIN_SELF = YES;
				CLANG_WARN_OBJC_LITERAL_CONVERSION = YES;
				CLANG_WARN_OBJC_ROOT_CLASS = YES_ERROR;
				CLANG_WARN_QUOTED_INCLUDE_IN_FRAMEWORK_HEADER = YES;
				CLANG_WARN_RANGE_LOOP_ANALYSIS = YES;
				CLANG_WARN_STRICT_PROTOTYPES = YES;
				CLANG_WARN_SUSPICIOUS_MOVE = YES;
				CLANG_WARN_UNGUARDED_AVAILABILITY = YES_AGGRESSIVE;
				CLANG_WARN_UNREACHABLE_CODE = YES;
				CLANG_WARN__DUPLICATE_METHOD_MATCH = YES;
				COPY_PHASE_STRIP = NO;
				DEBUG_INFORMATION_FORMAT = "dwarf-with-dsym";
				ENABLE_NS_ASSERTIONS = NO;
				ENABLE_STRICT_OBJC_MSGSEND = YES;
				GCC_C_LANGUAGE_STANDARD = gnu11;
				GCC_NO_COMMON_BLOCKS = YES;
				GCC_WARN_64_TO_32_BIT_CONVERSION = YES;
				GCC_WARN_ABOUT_RETURN_TYPE = YES_ERROR;
				GCC_WARN_UNDECLARED_SELECTOR = YES;
				GCC_WARN_UNINITIALIZED_AUTOS = YES_AGGRESSIVE;
				GCC_WARN_UNUSED_FUNCTION = YES;
				GCC_WARN_UNUSED_VARIABLE = YES;
				IPHONEOS_DEPLOYMENT_TARGET = 15.2;
				MTL_ENABLE_DEBUG_INFO = NO;
				MTL_FAST_MATH = YES;
				SDKROOT = iphoneos;
				SWIFT_COMPILATION_MODE = wholemodule;
				SWIFT_OPTIMIZATION_LEVEL = "-O";
				VALIDATE_PRODUCT = YES;
			};
			name = Release;
		};
		4B6AF01A27C6F9670070B7E8 /* Debug */ = {
			isa = XCBuildConfiguration;
			buildSettings = {
				ASSETCATALOG_COMPILER_APPICON_NAME = AppIcon;
				ASSETCATALOG_COMPILER_GLOBAL_ACCENT_COLOR_NAME = AccentColor;
				CODE_SIGN_STYLE = Automatic;
				CURRENT_PROJECT_VERSION = 1;
				DEVELOPMENT_ASSET_PATHS = "\"ArroSocial/Preview Content\"";
				DEVELOPMENT_TEAM = V5P29Y93LL;
				ENABLE_PREVIEWS = YES;
				GENERATE_INFOPLIST_FILE = YES;
				INFOPLIST_FILE = ArroSocial/Info.plist;
				INFOPLIST_KEY_LSApplicationCategoryType = "";
				INFOPLIST_KEY_NSCameraUsageDescription = "App needs access to camera in order to take photos for posts";
				INFOPLIST_KEY_NSPhotoLibraryUsageDescription = "App needs access to photo library to post images";
				INFOPLIST_KEY_UIApplicationSceneManifest_Generation = YES;
				INFOPLIST_KEY_UIApplicationSupportsIndirectInputEvents = YES;
				INFOPLIST_KEY_UILaunchStoryboardName = "Launch Screen";
				INFOPLIST_KEY_UISupportedInterfaceOrientations = UIInterfaceOrientationPortrait;
				INFOPLIST_KEY_UISupportedInterfaceOrientations_iPad = "UIInterfaceOrientationPortrait UIInterfaceOrientationPortraitUpsideDown UIInterfaceOrientationLandscapeLeft UIInterfaceOrientationLandscapeRight";
				INFOPLIST_KEY_UISupportedInterfaceOrientations_iPhone = "UIInterfaceOrientationPortrait UIInterfaceOrientationLandscapeLeft UIInterfaceOrientationLandscapeRight";
				IPHONEOS_DEPLOYMENT_TARGET = 15.0;
				LD_RUNPATH_SEARCH_PATHS = (
					"$(inherited)",
					"@executable_path/Frameworks",
				);
				MARKETING_VERSION = 1.2;
				PRODUCT_BUNDLE_IDENTIFIER = com.derekhsieh.ArroSocial;
				PRODUCT_NAME = "$(TARGET_NAME)";
				SWIFT_EMIT_LOC_STRINGS = YES;
				SWIFT_VERSION = 5.0;
				TARGETED_DEVICE_FAMILY = 1;
			};
			name = Debug;
		};
		4B6AF01B27C6F9670070B7E8 /* Release */ = {
			isa = XCBuildConfiguration;
			buildSettings = {
				ASSETCATALOG_COMPILER_APPICON_NAME = AppIcon;
				ASSETCATALOG_COMPILER_GLOBAL_ACCENT_COLOR_NAME = AccentColor;
				CODE_SIGN_STYLE = Automatic;
				CURRENT_PROJECT_VERSION = 1;
				DEVELOPMENT_ASSET_PATHS = "\"ArroSocial/Preview Content\"";
				DEVELOPMENT_TEAM = V5P29Y93LL;
				ENABLE_PREVIEWS = YES;
				GENERATE_INFOPLIST_FILE = YES;
				INFOPLIST_FILE = ArroSocial/Info.plist;
				INFOPLIST_KEY_LSApplicationCategoryType = "";
				INFOPLIST_KEY_NSCameraUsageDescription = "App needs access to camera in order to take photos for posts";
				INFOPLIST_KEY_NSPhotoLibraryUsageDescription = "App needs access to photo library to post images";
				INFOPLIST_KEY_UIApplicationSceneManifest_Generation = YES;
				INFOPLIST_KEY_UIApplicationSupportsIndirectInputEvents = YES;
				INFOPLIST_KEY_UILaunchStoryboardName = "Launch Screen";
				INFOPLIST_KEY_UISupportedInterfaceOrientations = UIInterfaceOrientationPortrait;
				INFOPLIST_KEY_UISupportedInterfaceOrientations_iPad = "UIInterfaceOrientationPortrait UIInterfaceOrientationPortraitUpsideDown UIInterfaceOrientationLandscapeLeft UIInterfaceOrientationLandscapeRight";
				INFOPLIST_KEY_UISupportedInterfaceOrientations_iPhone = "UIInterfaceOrientationPortrait UIInterfaceOrientationLandscapeLeft UIInterfaceOrientationLandscapeRight";
				IPHONEOS_DEPLOYMENT_TARGET = 15.0;
				LD_RUNPATH_SEARCH_PATHS = (
					"$(inherited)",
					"@executable_path/Frameworks",
				);
				MARKETING_VERSION = 1.2;
				PRODUCT_BUNDLE_IDENTIFIER = com.derekhsieh.ArroSocial;
				PRODUCT_NAME = "$(TARGET_NAME)";
				SWIFT_EMIT_LOC_STRINGS = YES;
				SWIFT_VERSION = 5.0;
				TARGETED_DEVICE_FAMILY = 1;
			};
			name = Release;
		};
/* End XCBuildConfiguration section */

/* Begin XCConfigurationList section */
		4B6AF00627C6F9660070B7E8 /* Build configuration list for PBXProject "ArroSocial" */ = {
			isa = XCConfigurationList;
			buildConfigurations = (
				4B6AF01727C6F9670070B7E8 /* Debug */,
				4B6AF01827C6F9670070B7E8 /* Release */,
			);
			defaultConfigurationIsVisible = 0;
			defaultConfigurationName = Release;
		};
		4B6AF01927C6F9670070B7E8 /* Build configuration list for PBXNativeTarget "ArroSocial" */ = {
			isa = XCConfigurationList;
			buildConfigurations = (
				4B6AF01A27C6F9670070B7E8 /* Debug */,
				4B6AF01B27C6F9670070B7E8 /* Release */,
			);
			defaultConfigurationIsVisible = 0;
			defaultConfigurationName = Release;
		};
/* End XCConfigurationList section */

/* Begin XCRemoteSwiftPackageReference section */
		4B3EB73A27D09FDD004C002C /* XCRemoteSwiftPackageReference "firebase-ios-sdk" */ = {
			isa = XCRemoteSwiftPackageReference;
			repositoryURL = "https://github.com/firebase/firebase-ios-sdk";
			requirement = {
				branch = master;
				kind = branch;
			};
		};
		4B5A732927DAA38C0033363E /* XCRemoteSwiftPackageReference "PermissionsSwiftUI" */ = {
			isa = XCRemoteSwiftPackageReference;
			repositoryURL = "https://github.com/jevonmao/PermissionsSwiftUI";
			requirement = {
				kind = upToNextMajorVersion;
				minimumVersion = 1.0.0;
			};
		};
		4BED1BAB27D2DFEA00DB6830 /* XCRemoteSwiftPackageReference "SSToastMessage" */ = {
			isa = XCRemoteSwiftPackageReference;
			repositoryURL = "https://github.com/SimformSolutionsPvtLtd/SSToastMessage.git";
			requirement = {
				kind = upToNextMajorVersion;
				minimumVersion = 1.0.0;
			};
		};
/* End XCRemoteSwiftPackageReference section */

/* Begin XCSwiftPackageProductDependency section */
		4B3EB73B27D09FDD004C002C /* FirebaseAnalytics */ = {
			isa = XCSwiftPackageProductDependency;
			package = 4B3EB73A27D09FDD004C002C /* XCRemoteSwiftPackageReference "firebase-ios-sdk" */;
			productName = FirebaseAnalytics;
		};
		4B3EB73D27D09FDD004C002C /* FirebaseAuth */ = {
			isa = XCSwiftPackageProductDependency;
			package = 4B3EB73A27D09FDD004C002C /* XCRemoteSwiftPackageReference "firebase-ios-sdk" */;
			productName = FirebaseAuth;
		};
		4B3EB73F27D09FDD004C002C /* FirebaseFirestore */ = {
			isa = XCSwiftPackageProductDependency;
			package = 4B3EB73A27D09FDD004C002C /* XCRemoteSwiftPackageReference "firebase-ios-sdk" */;
			productName = FirebaseFirestore;
		};
		4B3EB74127D09FDD004C002C /* FirebaseStorage */ = {
			isa = XCSwiftPackageProductDependency;
			package = 4B3EB73A27D09FDD004C002C /* XCRemoteSwiftPackageReference "firebase-ios-sdk" */;
			productName = FirebaseStorage;
		};
		4B5A732A27DAA38C0033363E /* PermissionsSwiftUI */ = {
			isa = XCSwiftPackageProductDependency;
			package = 4B5A732927DAA38C0033363E /* XCRemoteSwiftPackageReference "PermissionsSwiftUI" */;
			productName = PermissionsSwiftUI;
		};
		4BED1BAC27D2DFEA00DB6830 /* SSToastMessage */ = {
			isa = XCSwiftPackageProductDependency;
			package = 4BED1BAB27D2DFEA00DB6830 /* XCRemoteSwiftPackageReference "SSToastMessage" */;
			productName = SSToastMessage;
		};
/* End XCSwiftPackageProductDependency section */
	};
	rootObject = 4B6AF00327C6F9660070B7E8 /* Project object */;
}
